// !$*UTF8*$!
{
	archiveVersion = 1;
	classes = {
	};
	objectVersion = 46;
	objects = {

/* Begin PBXBuildFile section */
		2228970018BE88BA00EEB36A /* Foundation.framework in Frameworks */ = {isa = PBXBuildFile; fileRef = 222896FF18BE88B900EEB36A /* Foundation.framework */; };
		2228970218BE88BA00EEB36A /* CoreGraphics.framework in Frameworks */ = {isa = PBXBuildFile; fileRef = 2228970118BE88BA00EEB36A /* CoreGraphics.framework */; };
		2228970418BE88BA00EEB36A /* UIKit.framework in Frameworks */ = {isa = PBXBuildFile; fileRef = 2228970318BE88BA00EEB36A /* UIKit.framework */; };
		2228970A18BE88BA00EEB36A /* InfoPlist.strings in Resources */ = {isa = PBXBuildFile; fileRef = 2228970818BE88BA00EEB36A /* InfoPlist.strings */; };
		2228970C18BE88BA00EEB36A /* main.m in Sources */ = {isa = PBXBuildFile; fileRef = 2228970B18BE88BA00EEB36A /* main.m */; };
		2228971018BE88BA00EEB36A /* AppDelegate.m in Sources */ = {isa = PBXBuildFile; fileRef = 2228970F18BE88BA00EEB36A /* AppDelegate.m */; };
		2228971318BE88BA00EEB36A /* Main_iPhone.storyboard in Resources */ = {isa = PBXBuildFile; fileRef = 2228971118BE88BA00EEB36A /* Main_iPhone.storyboard */; };
		2228971618BE88BA00EEB36A /* Main_iPad.storyboard in Resources */ = {isa = PBXBuildFile; fileRef = 2228971418BE88BA00EEB36A /* Main_iPad.storyboard */; };
		2228971918BE88BA00EEB36A /* ViewController.mm in Sources */ = {isa = PBXBuildFile; fileRef = 2228971818BE88BA00EEB36A /* ViewController.mm */; };
		2228971B18BE88BA00EEB36A /* Images.xcassets in Resources */ = {isa = PBXBuildFile; fileRef = 2228971A18BE88BA00EEB36A /* Images.xcassets */; };
		2228972218BE88BA00EEB36A /* XCTest.framework in Frameworks */ = {isa = PBXBuildFile; fileRef = 2228972118BE88BA00EEB36A /* XCTest.framework */; };
		2228972318BE88BA00EEB36A /* Foundation.framework in Frameworks */ = {isa = PBXBuildFile; fileRef = 222896FF18BE88B900EEB36A /* Foundation.framework */; };
		2228972418BE88BA00EEB36A /* UIKit.framework in Frameworks */ = {isa = PBXBuildFile; fileRef = 2228970318BE88BA00EEB36A /* UIKit.framework */; };
		2228972C18BE88BA00EEB36A /* InfoPlist.strings in Resources */ = {isa = PBXBuildFile; fileRef = 2228972A18BE88BA00EEB36A /* InfoPlist.strings */; };
		2228972E18BE88BA00EEB36A /* NeoCuceiFRTests.m in Sources */ = {isa = PBXBuildFile; fileRef = 2228972D18BE88BA00EEB36A /* NeoCuceiFRTests.m */; };
		223FC1FA18BE942D0090C91D /* opencv2.framework in Frameworks */ = {isa = PBXBuildFile; fileRef = 223FC1F918BE942D0090C91D /* opencv2.framework */; };
		22494D5218BFA5BF007DE6C9 /* Accelerate.framework in Frameworks */ = {isa = PBXBuildFile; fileRef = 22494D5118BFA5BF007DE6C9 /* Accelerate.framework */; };
		22494D5418BFA5C7007DE6C9 /* AssetsLibrary.framework in Frameworks */ = {isa = PBXBuildFile; fileRef = 22494D5318BFA5C7007DE6C9 /* AssetsLibrary.framework */; };
		22494D5618BFA5D0007DE6C9 /* AVFoundation.framework in Frameworks */ = {isa = PBXBuildFile; fileRef = 22494D5518BFA5D0007DE6C9 /* AVFoundation.framework */; };
		22494D5818BFA5E3007DE6C9 /* CoreImage.framework in Frameworks */ = {isa = PBXBuildFile; fileRef = 22494D5718BFA5E3007DE6C9 /* CoreImage.framework */; };
		22494D5A18BFA5EB007DE6C9 /* CoreMedia.framework in Frameworks */ = {isa = PBXBuildFile; fileRef = 22494D5918BFA5EB007DE6C9 /* CoreMedia.framework */; };
		22494D5C18BFA5F3007DE6C9 /* CoreVideo.framework in Frameworks */ = {isa = PBXBuildFile; fileRef = 22494D5B18BFA5F3007DE6C9 /* CoreVideo.framework */; };
		22494D5E18BFA5FD007DE6C9 /* QuartzCore.framework in Frameworks */ = {isa = PBXBuildFile; fileRef = 22494D5D18BFA5FD007DE6C9 /* QuartzCore.framework */; };
/* End PBXBuildFile section */

/* Begin PBXContainerItemProxy section */
		2228972518BE88BA00EEB36A /* PBXContainerItemProxy */ = {
			isa = PBXContainerItemProxy;
			containerPortal = 222896F418BE88B900EEB36A /* Project object */;
			proxyType = 1;
			remoteGlobalIDString = 222896FB18BE88B900EEB36A;
			remoteInfo = NeoCuceiFR;
		};
/* End PBXContainerItemProxy section */

/* Begin PBXFileReference section */
		222896FC18BE88B900EEB36A /* NeoCuceiFR.app */ = {isa = PBXFileReference; explicitFileType = wrapper.application; includeInIndex = 0; path = NeoCuceiFR.app; sourceTree = BUILT_PRODUCTS_DIR; };
		222896FF18BE88B900EEB36A /* Foundation.framework */ = {isa = PBXFileReference; lastKnownFileType = wrapper.framework; name = Foundation.framework; path = System/Library/Frameworks/Foundation.framework; sourceTree = SDKROOT; };
		2228970118BE88BA00EEB36A /* CoreGraphics.framework */ = {isa = PBXFileReference; lastKnownFileType = wrapper.framework; name = CoreGraphics.framework; path = System/Library/Frameworks/CoreGraphics.framework; sourceTree = SDKROOT; };
		2228970318BE88BA00EEB36A /* UIKit.framework */ = {isa = PBXFileReference; lastKnownFileType = wrapper.framework; name = UIKit.framework; path = System/Library/Frameworks/UIKit.framework; sourceTree = SDKROOT; };
		2228970718BE88BA00EEB36A /* NeoCuceiFR-Info.plist */ = {isa = PBXFileReference; lastKnownFileType = text.plist.xml; path = "NeoCuceiFR-Info.plist"; sourceTree = "<group>"; };
		2228970918BE88BA00EEB36A /* en */ = {isa = PBXFileReference; lastKnownFileType = text.plist.strings; name = en; path = en.lproj/InfoPlist.strings; sourceTree = "<group>"; };
		2228970B18BE88BA00EEB36A /* main.m */ = {isa = PBXFileReference; lastKnownFileType = sourcecode.c.objc; path = main.m; sourceTree = "<group>"; };
		2228970D18BE88BA00EEB36A /* NeoCuceiFR-Prefix.pch */ = {isa = PBXFileReference; lastKnownFileType = sourcecode.c.h; path = "NeoCuceiFR-Prefix.pch"; sourceTree = "<group>"; };
		2228970E18BE88BA00EEB36A /* AppDelegate.h */ = {isa = PBXFileReference; lastKnownFileType = sourcecode.c.h; path = AppDelegate.h; sourceTree = "<group>"; };
		2228970F18BE88BA00EEB36A /* AppDelegate.m */ = {isa = PBXFileReference; lastKnownFileType = sourcecode.c.objc; path = AppDelegate.m; sourceTree = "<group>"; };
		2228971218BE88BA00EEB36A /* Base */ = {isa = PBXFileReference; lastKnownFileType = file.storyboard; name = Base; path = Base.lproj/Main_iPhone.storyboard; sourceTree = "<group>"; };
		2228971518BE88BA00EEB36A /* Base */ = {isa = PBXFileReference; lastKnownFileType = file.storyboard; name = Base; path = Base.lproj/Main_iPad.storyboard; sourceTree = "<group>"; };
		2228971718BE88BA00EEB36A /* ViewController.h */ = {isa = PBXFileReference; lastKnownFileType = sourcecode.c.h; path = ViewController.h; sourceTree = "<group>"; };
		2228971818BE88BA00EEB36A /* ViewController.mm */ = {isa = PBXFileReference; lastKnownFileType = sourcecode.cpp.objcpp; path = ViewController.mm; sourceTree = "<group>"; };
		2228971A18BE88BA00EEB36A /* Images.xcassets */ = {isa = PBXFileReference; lastKnownFileType = folder.assetcatalog; path = Images.xcassets; sourceTree = "<group>"; };
		2228972018BE88BA00EEB36A /* NeoCuceiFRTests.xctest */ = {isa = PBXFileReference; explicitFileType = wrapper.cfbundle; includeInIndex = 0; path = NeoCuceiFRTests.xctest; sourceTree = BUILT_PRODUCTS_DIR; };
		2228972118BE88BA00EEB36A /* XCTest.framework */ = {isa = PBXFileReference; lastKnownFileType = wrapper.framework; name = XCTest.framework; path = Library/Frameworks/XCTest.framework; sourceTree = DEVELOPER_DIR; };
		2228972918BE88BA00EEB36A /* NeoCuceiFRTests-Info.plist */ = {isa = PBXFileReference; lastKnownFileType = text.plist.xml; path = "NeoCuceiFRTests-Info.plist"; sourceTree = "<group>"; };
		2228972B18BE88BA00EEB36A /* en */ = {isa = PBXFileReference; lastKnownFileType = text.plist.strings; name = en; path = en.lproj/InfoPlist.strings; sourceTree = "<group>"; };
		2228972D18BE88BA00EEB36A /* NeoCuceiFRTests.m */ = {isa = PBXFileReference; lastKnownFileType = sourcecode.c.objc; path = NeoCuceiFRTests.m; sourceTree = "<group>"; };
		223FC1F918BE942D0090C91D /* opencv2.framework */ = {isa = PBXFileReference; lastKnownFileType = wrapper.framework; path = opencv2.framework; sourceTree = "<group>"; };
		22494D5118BFA5BF007DE6C9 /* Accelerate.framework */ = {isa = PBXFileReference; lastKnownFileType = wrapper.framework; name = Accelerate.framework; path = System/Library/Frameworks/Accelerate.framework; sourceTree = SDKROOT; };
		22494D5318BFA5C7007DE6C9 /* AssetsLibrary.framework */ = {isa = PBXFileReference; lastKnownFileType = wrapper.framework; name = AssetsLibrary.framework; path = System/Library/Frameworks/AssetsLibrary.framework; sourceTree = SDKROOT; };
		22494D5518BFA5D0007DE6C9 /* AVFoundation.framework */ = {isa = PBXFileReference; lastKnownFileType = wrapper.framework; name = AVFoundation.framework; path = System/Library/Frameworks/AVFoundation.framework; sourceTree = SDKROOT; };
		22494D5718BFA5E3007DE6C9 /* CoreImage.framework */ = {isa = PBXFileReference; lastKnownFileType = wrapper.framework; name = CoreImage.framework; path = System/Library/Frameworks/CoreImage.framework; sourceTree = SDKROOT; };
		22494D5918BFA5EB007DE6C9 /* CoreMedia.framework */ = {isa = PBXFileReference; lastKnownFileType = wrapper.framework; name = CoreMedia.framework; path = System/Library/Frameworks/CoreMedia.framework; sourceTree = SDKROOT; };
		22494D5B18BFA5F3007DE6C9 /* CoreVideo.framework */ = {isa = PBXFileReference; lastKnownFileType = wrapper.framework; name = CoreVideo.framework; path = System/Library/Frameworks/CoreVideo.framework; sourceTree = SDKROOT; };
		22494D5D18BFA5FD007DE6C9 /* QuartzCore.framework */ = {isa = PBXFileReference; lastKnownFileType = wrapper.framework; name = QuartzCore.framework; path = System/Library/Frameworks/QuartzCore.framework; sourceTree = SDKROOT; };
/* End PBXFileReference section */

/* Begin PBXFrameworksBuildPhase section */
		222896F918BE88B900EEB36A /* Frameworks */ = {
			isa = PBXFrameworksBuildPhase;
			buildActionMask = 2147483647;
			files = (
				2228970418BE88BA00EEB36A /* UIKit.framework in Frameworks */,
				22494D5E18BFA5FD007DE6C9 /* QuartzCore.framework in Frameworks */,
				22494D5C18BFA5F3007DE6C9 /* CoreVideo.framework in Frameworks */,
				22494D5A18BFA5EB007DE6C9 /* CoreMedia.framework in Frameworks */,
				22494D5818BFA5E3007DE6C9 /* CoreImage.framework in Frameworks */,
				2228970218BE88BA00EEB36A /* CoreGraphics.framework in Frameworks */,
				22494D5618BFA5D0007DE6C9 /* AVFoundation.framework in Frameworks */,
				22494D5418BFA5C7007DE6C9 /* AssetsLibrary.framework in Frameworks */,
				22494D5218BFA5BF007DE6C9 /* Accelerate.framework in Frameworks */,
				223FC1FA18BE942D0090C91D /* opencv2.framework in Frameworks */,
				2228970018BE88BA00EEB36A /* Foundation.framework in Frameworks */,
			);
			runOnlyForDeploymentPostprocessing = 0;
		};
		2228971D18BE88BA00EEB36A /* Frameworks */ = {
			isa = PBXFrameworksBuildPhase;
			buildActionMask = 2147483647;
			files = (
				2228972218BE88BA00EEB36A /* XCTest.framework in Frameworks */,
				2228972418BE88BA00EEB36A /* UIKit.framework in Frameworks */,
				2228972318BE88BA00EEB36A /* Foundation.framework in Frameworks */,
			);
			runOnlyForDeploymentPostprocessing = 0;
		};
/* End PBXFrameworksBuildPhase section */

/* Begin PBXGroup section */
		222896F318BE88B900EEB36A = {
			isa = PBXGroup;
			children = (
				2228970518BE88BA00EEB36A /* NeoCuceiFR */,
				2228972718BE88BA00EEB36A /* NeoCuceiFRTests */,
				222896FE18BE88B900EEB36A /* Frameworks */,
				222896FD18BE88B900EEB36A /* Products */,
			);
			sourceTree = "<group>";
		};
		222896FD18BE88B900EEB36A /* Products */ = {
			isa = PBXGroup;
			children = (
				222896FC18BE88B900EEB36A /* NeoCuceiFR.app */,
				2228972018BE88BA00EEB36A /* NeoCuceiFRTests.xctest */,
			);
			name = Products;
			sourceTree = "<group>";
		};
		222896FE18BE88B900EEB36A /* Frameworks */ = {
			isa = PBXGroup;
			children = (
				223FC1F918BE942D0090C91D /* opencv2.framework */,
				22494D5D18BFA5FD007DE6C9 /* QuartzCore.framework */,
				22494D5B18BFA5F3007DE6C9 /* CoreVideo.framework */,
				22494D5918BFA5EB007DE6C9 /* CoreMedia.framework */,
				22494D5718BFA5E3007DE6C9 /* CoreImage.framework */,
				22494D5518BFA5D0007DE6C9 /* AVFoundation.framework */,
				22494D5318BFA5C7007DE6C9 /* AssetsLibrary.framework */,
				22494D5118BFA5BF007DE6C9 /* Accelerate.framework */,
				222896FF18BE88B900EEB36A /* Foundation.framework */,
				2228970118BE88BA00EEB36A /* CoreGraphics.framework */,
				2228970318BE88BA00EEB36A /* UIKit.framework */,
				2228972118BE88BA00EEB36A /* XCTest.framework */,
			);
			name = Frameworks;
			sourceTree = "<group>";
		};
		2228970518BE88BA00EEB36A /* NeoCuceiFR */ = {
			isa = PBXGroup;
			children = (
				2228970E18BE88BA00EEB36A /* AppDelegate.h */,
				2228970F18BE88BA00EEB36A /* AppDelegate.m */,
				2228971118BE88BA00EEB36A /* Main_iPhone.storyboard */,
				2228971418BE88BA00EEB36A /* Main_iPad.storyboard */,
				2228971718BE88BA00EEB36A /* ViewController.h */,
				2228971818BE88BA00EEB36A /* ViewController.mm */,
				2228971A18BE88BA00EEB36A /* Images.xcassets */,
				2228970618BE88BA00EEB36A /* Supporting Files */,
			);
			path = NeoCuceiFR;
			sourceTree = "<group>";
		};
		2228970618BE88BA00EEB36A /* Supporting Files */ = {
			isa = PBXGroup;
			children = (
				2228970718BE88BA00EEB36A /* NeoCuceiFR-Info.plist */,
				2228970818BE88BA00EEB36A /* InfoPlist.strings */,
				2228970B18BE88BA00EEB36A /* main.m */,
				2228970D18BE88BA00EEB36A /* NeoCuceiFR-Prefix.pch */,
			);
			name = "Supporting Files";
			sourceTree = "<group>";
		};
		2228972718BE88BA00EEB36A /* NeoCuceiFRTests */ = {
			isa = PBXGroup;
			children = (
				2228972D18BE88BA00EEB36A /* NeoCuceiFRTests.m */,
				2228972818BE88BA00EEB36A /* Supporting Files */,
			);
			path = NeoCuceiFRTests;
			sourceTree = "<group>";
		};
		2228972818BE88BA00EEB36A /* Supporting Files */ = {
			isa = PBXGroup;
			children = (
				2228972918BE88BA00EEB36A /* NeoCuceiFRTests-Info.plist */,
				2228972A18BE88BA00EEB36A /* InfoPlist.strings */,
			);
			name = "Supporting Files";
			sourceTree = "<group>";
		};
/* End PBXGroup section */

/* Begin PBXNativeTarget section */
		222896FB18BE88B900EEB36A /* NeoCuceiFR */ = {
			isa = PBXNativeTarget;
			buildConfigurationList = 2228973118BE88BA00EEB36A /* Build configuration list for PBXNativeTarget "NeoCuceiFR" */;
			buildPhases = (
				222896F818BE88B900EEB36A /* Sources */,
				222896F918BE88B900EEB36A /* Frameworks */,
				222896FA18BE88B900EEB36A /* Resources */,
			);
			buildRules = (
			);
			dependencies = (
			);
			name = NeoCuceiFR;
			productName = NeoCuceiFR;
			productReference = 222896FC18BE88B900EEB36A /* NeoCuceiFR.app */;
			productType = "com.apple.product-type.application";
		};
		2228971F18BE88BA00EEB36A /* NeoCuceiFRTests */ = {
			isa = PBXNativeTarget;
			buildConfigurationList = 2228973418BE88BA00EEB36A /* Build configuration list for PBXNativeTarget "NeoCuceiFRTests" */;
			buildPhases = (
				2228971C18BE88BA00EEB36A /* Sources */,
				2228971D18BE88BA00EEB36A /* Frameworks */,
				2228971E18BE88BA00EEB36A /* Resources */,
			);
			buildRules = (
			);
			dependencies = (
				2228972618BE88BA00EEB36A /* PBXTargetDependency */,
			);
			name = NeoCuceiFRTests;
			productName = NeoCuceiFRTests;
			productReference = 2228972018BE88BA00EEB36A /* NeoCuceiFRTests.xctest */;
			productType = "com.apple.product-type.bundle.unit-test";
		};
/* End PBXNativeTarget section */

/* Begin PBXProject section */
		222896F418BE88B900EEB36A /* Project object */ = {
			isa = PBXProject;
			attributes = {
				LastUpgradeCheck = 0500;
				ORGANIZATIONNAME = "Neo Raiden X";
				TargetAttributes = {
					2228971F18BE88BA00EEB36A = {
						TestTargetID = 222896FB18BE88B900EEB36A;
					};
				};
			};
			buildConfigurationList = 222896F718BE88B900EEB36A /* Build configuration list for PBXProject "NeoCuceiFR" */;
			compatibilityVersion = "Xcode 3.2";
			developmentRegion = English;
			hasScannedForEncodings = 0;
			knownRegions = (
				en,
				Base,
			);
			mainGroup = 222896F318BE88B900EEB36A;
			productRefGroup = 222896FD18BE88B900EEB36A /* Products */;
			projectDirPath = "";
			projectRoot = "";
			targets = (
				222896FB18BE88B900EEB36A /* NeoCuceiFR */,
				2228971F18BE88BA00EEB36A /* NeoCuceiFRTests */,
			);
		};
/* End PBXProject section */

/* Begin PBXResourcesBuildPhase section */
		222896FA18BE88B900EEB36A /* Resources */ = {
			isa = PBXResourcesBuildPhase;
			buildActionMask = 2147483647;
			files = (
				2228971618BE88BA00EEB36A /* Main_iPad.storyboard in Resources */,
				2228971B18BE88BA00EEB36A /* Images.xcassets in Resources */,
				2228971318BE88BA00EEB36A /* Main_iPhone.storyboard in Resources */,
				2228970A18BE88BA00EEB36A /* InfoPlist.strings in Resources */,
			);
			runOnlyForDeploymentPostprocessing = 0;
		};
		2228971E18BE88BA00EEB36A /* Resources */ = {
			isa = PBXResourcesBuildPhase;
			buildActionMask = 2147483647;
			files = (
				2228972C18BE88BA00EEB36A /* InfoPlist.strings in Resources */,
			);
			runOnlyForDeploymentPostprocessing = 0;
		};
/* End PBXResourcesBuildPhase section */

/* Begin PBXSourcesBuildPhase section */
		222896F818BE88B900EEB36A /* Sources */ = {
			isa = PBXSourcesBuildPhase;
			buildActionMask = 2147483647;
			files = (
				2228971918BE88BA00EEB36A /* ViewController.mm in Sources */,
				2228971018BE88BA00EEB36A /* AppDelegate.m in Sources */,
				2228970C18BE88BA00EEB36A /* main.m in Sources */,
			);
			runOnlyForDeploymentPostprocessing = 0;
		};
		2228971C18BE88BA00EEB36A /* Sources */ = {
			isa = PBXSourcesBuildPhase;
			buildActionMask = 2147483647;
			files = (
				2228972E18BE88BA00EEB36A /* NeoCuceiFRTests.m in Sources */,
			);
			runOnlyForDeploymentPostprocessing = 0;
		};
/* End PBXSourcesBuildPhase section */

/* Begin PBXTargetDependency section */
		2228972618BE88BA00EEB36A /* PBXTargetDependency */ = {
			isa = PBXTargetDependency;
			target = 222896FB18BE88B900EEB36A /* NeoCuceiFR */;
			targetProxy = 2228972518BE88BA00EEB36A /* PBXContainerItemProxy */;
		};
/* End PBXTargetDependency section */

/* Begin PBXVariantGroup section */
		2228970818BE88BA00EEB36A /* InfoPlist.strings */ = {
			isa = PBXVariantGroup;
			children = (
				2228970918BE88BA00EEB36A /* en */,
			);
			name = InfoPlist.strings;
			sourceTree = "<group>";
		};
		2228971118BE88BA00EEB36A /* Main_iPhone.storyboard */ = {
			isa = PBXVariantGroup;
			children = (
				2228971218BE88BA00EEB36A /* Base */,
			);
			name = Main_iPhone.storyboard;
			sourceTree = "<group>";
		};
		2228971418BE88BA00EEB36A /* Main_iPad.storyboard */ = {
			isa = PBXVariantGroup;
			children = (
				2228971518BE88BA00EEB36A /* Base */,
			);
			name = Main_iPad.storyboard;
			sourceTree = "<group>";
		};
		2228972A18BE88BA00EEB36A /* InfoPlist.strings */ = {
			isa = PBXVariantGroup;
			children = (
				2228972B18BE88BA00EEB36A /* en */,
			);
			name = InfoPlist.strings;
			sourceTree = "<group>";
		};
/* End PBXVariantGroup section */

/* Begin XCBuildConfiguration section */
		2228972F18BE88BA00EEB36A /* Debug */ = {
			isa = XCBuildConfiguration;
			buildSettings = {
				ALWAYS_SEARCH_USER_PATHS = NO;
				ARCHS = "$(ARCHS_STANDARD_INCLUDING_64_BIT)";
				CLANG_CXX_LANGUAGE_STANDARD = "gnu++0x";
				CLANG_CXX_LIBRARY = "libc++";
				CLANG_ENABLE_MODULES = YES;
				CLANG_ENABLE_OBJC_ARC = YES;
				CLANG_WARN_BOOL_CONVERSION = YES;
				CLANG_WARN_CONSTANT_CONVERSION = YES;
				CLANG_WARN_DIRECT_OBJC_ISA_USAGE = YES_ERROR;
				CLANG_WARN_EMPTY_BODY = YES;
				CLANG_WARN_ENUM_CONVERSION = YES;
				CLANG_WARN_INT_CONVERSION = YES;
				CLANG_WARN_OBJC_ROOT_CLASS = YES_ERROR;
				CLANG_WARN__DUPLICATE_METHOD_MATCH = YES;
				"CODE_SIGN_IDENTITY[sdk=iphoneos*]" = "iPhone Developer";
				COPY_PHASE_STRIP = NO;
				GCC_C_LANGUAGE_STANDARD = gnu99;
				GCC_DYNAMIC_NO_PIC = NO;
				GCC_OPTIMIZATION_LEVEL = 0;
				GCC_PREPROCESSOR_DEFINITIONS = (
					"DEBUG=1",
					"$(inherited)",
				);
				GCC_SYMBOLS_PRIVATE_EXTERN = NO;
				GCC_WARN_64_TO_32_BIT_CONVERSION = YES;
				GCC_WARN_ABOUT_RETURN_TYPE = YES_ERROR;
				GCC_WARN_UNDECLARED_SELECTOR = YES;
				GCC_WARN_UNINITIALIZED_AUTOS = YES;
				GCC_WARN_UNUSED_FUNCTION = YES;
				GCC_WARN_UNUSED_VARIABLE = YES;
				IPHONEOS_DEPLOYMENT_TARGET = 7.0;
				ONLY_ACTIVE_ARCH = YES;
				SDKROOT = iphoneos;
				TARGETED_DEVICE_FAMILY = "1,2";
			};
			name = Debug;
		};
		2228973018BE88BA00EEB36A /* Release */ = {
			isa = XCBuildConfiguration;
			buildSettings = {
				ALWAYS_SEARCH_USER_PATHS = NO;
				ARCHS = "$(ARCHS_STANDARD_INCLUDING_64_BIT)";
				CLANG_CXX_LANGUAGE_STANDARD = "gnu++0x";
				CLANG_CXX_LIBRARY = "libc++";
				CLANG_ENABLE_MODULES = YES;
				CLANG_ENABLE_OBJC_ARC = YES;
				CLANG_WARN_BOOL_CONVERSION = YES;
				CLANG_WARN_CONSTANT_CONVERSION = YES;
				CLANG_WARN_DIRECT_OBJC_ISA_USAGE = YES_ERROR;
				CLANG_WARN_EMPTY_BODY = YES;
				CLANG_WARN_ENUM_CONVERSION = YES;
				CLANG_WARN_INT_CONVERSION = YES;
				CLANG_WARN_OBJC_ROOT_CLASS = YES_ERROR;
				CLANG_WARN__DUPLICATE_METHOD_MATCH = YES;
				"CODE_SIGN_IDENTITY[sdk=iphoneos*]" = "iPhone Developer";
				COPY_PHASE_STRIP = YES;
				ENABLE_NS_ASSERTIONS = NO;
				GCC_C_LANGUAGE_STANDARD = gnu99;
				GCC_WARN_64_TO_32_BIT_CONVERSION = YES;
				GCC_WARN_ABOUT_RETURN_TYPE = YES_ERROR;
				GCC_WARN_UNDECLARED_SELECTOR = YES;
				GCC_WARN_UNINITIALIZED_AUTOS = YES;
				GCC_WARN_UNUSED_FUNCTION = YES;
				GCC_WARN_UNUSED_VARIABLE = YES;
				IPHONEOS_DEPLOYMENT_TARGET = 7.0;
				SDKROOT = iphoneos;
				TARGETED_DEVICE_FAMILY = "1,2";
				VALIDATE_PRODUCT = YES;
			};
			name = Release;
		};
		2228973218BE88BA00EEB36A /* Debug */ = {
			isa = XCBuildConfiguration;
			buildSettings = {
				ASSETCATALOG_COMPILER_APPICON_NAME = AppIcon;
				ASSETCATALOG_COMPILER_LAUNCHIMAGE_NAME = LaunchImage;
				FRAMEWORK_SEARCH_PATHS = (
					"$(inherited)",
					/Users/NeoRaidenX/Xcode/NeoCuceiFR,
				);
				GCC_PRECOMPILE_PREFIX_HEADER = YES;
				GCC_PREFIX_HEADER = "NeoCuceiFR/NeoCuceiFR-Prefix.pch";
				INFOPLIST_FILE = "NeoCuceiFR/NeoCuceiFR-Info.plist";
				PRODUCT_NAME = "$(TARGET_NAME)";
				WRAPPER_EXTENSION = app;
			};
			name = Debug;
		};
		2228973318BE88BA00EEB36A /* Release */ = {
			isa = XCBuildConfiguration;
			buildSettings = {
				ASSETCATALOG_COMPILER_APPICON_NAME = AppIcon;
				ASSETCATALOG_COMPILER_LAUNCHIMAGE_NAME = LaunchImage;
				FRAMEWORK_SEARCH_PATHS = (
					"$(inherited)",
					/Users/NeoRaidenX/Xcode/NeoCuceiFR,
				);
				GCC_PRECOMPILE_PREFIX_HEADER = YES;
				GCC_PREFIX_HEADER = "NeoCuceiFR/NeoCuceiFR-Prefix.pch";
				INFOPLIST_FILE = "NeoCuceiFR/NeoCuceiFR-Info.plist";
				PRODUCT_NAME = "$(TARGET_NAME)";
				WRAPPER_EXTENSION = app;
			};
			name = Release;
		};
		2228973518BE88BA00EEB36A /* Debug */ = {
			isa = XCBuildConfiguration;
			buildSettings = {
				ARCHS = "$(ARCHS_STANDARD_INCLUDING_64_BIT)";
				BUNDLE_LOADER = "$(BUILT_PRODUCTS_DIR)/NeoCuceiFR.app/NeoCuceiFR";
				FRAMEWORK_SEARCH_PATHS = (
					"$(SDKROOT)/Developer/Library/Frameworks",
					"$(inherited)",
					"$(DEVELOPER_FRAMEWORKS_DIR)",
				);
				GCC_PRECOMPILE_PREFIX_HEADER = YES;
				GCC_PREFIX_HEADER = "NeoCuceiFR/NeoCuceiFR-Prefix.pch";
				GCC_PREPROCESSOR_DEFINITIONS = (
					"DEBUG=1",
					"$(inherited)",
				);
				INFOPLIST_FILE = "NeoCuceiFRTests/NeoCuceiFRTests-Info.plist";
				PRODUCT_NAME = "$(TARGET_NAME)";
				TEST_HOST = "$(BUNDLE_LOADER)";
				WRAPPER_EXTENSION = xctest;
			};
			name = Debug;
		};
		2228973618BE88BA00EEB36A /* Release */ = {
			isa = XCBuildConfiguration;
			buildSettings = {
				ARCHS = "$(ARCHS_STANDARD_INCLUDING_64_BIT)";
				BUNDLE_LOADER = "$(BUILT_PRODUCTS_DIR)/NeoCuceiFR.app/NeoCuceiFR";
				FRAMEWORK_SEARCH_PATHS = (
					"$(SDKROOT)/Developer/Library/Frameworks",
					"$(inherited)",
					"$(DEVELOPER_FRAMEWORKS_DIR)",
				);
				GCC_PRECOMPILE_PREFIX_HEADER = YES;
				GCC_PREFIX_HEADER = "NeoCuceiFR/NeoCuceiFR-Prefix.pch";
				INFOPLIST_FILE = "NeoCuceiFRTests/NeoCuceiFRTests-Info.plist";
				PRODUCT_NAME = "$(TARGET_NAME)";
				TEST_HOST = "$(BUNDLE_LOADER)";
				WRAPPER_EXTENSION = xctest;
			};
			name = Release;
		};
/* End XCBuildConfiguration section */

/* Begin XCConfigurationList section */
		222896F718BE88B900EEB36A /* Build configuration list for PBXProject "NeoCuceiFR" */ = {
			isa = XCConfigurationList;
			buildConfigurations = (
				2228972F18BE88BA00EEB36A /* Debug */,
				2228973018BE88BA00EEB36A /* Release */,
			);
			defaultConfigurationIsVisible = 0;
			defaultConfigurationName = Release;
		};
		2228973118BE88BA00EEB36A /* Build configuration list for PBXNativeTarget "NeoCuceiFR" */ = {
			isa = XCConfigurationList;
			buildConfigurations = (
				2228973218BE88BA00EEB36A /* Debug */,
				2228973318BE88BA00EEB36A /* Release */,
			);
			defaultConfigurationIsVisible = 0;
			defaultConfigurationName = Release;
		};
		2228973418BE88BA00EEB36A /* Build configuration list for PBXNativeTarget "NeoCuceiFRTests" */ = {
			isa = XCConfigurationList;
			buildConfigurations = (
				2228973518BE88BA00EEB36A /* Debug */,
				2228973618BE88BA00EEB36A /* Release */,
			);
			defaultConfigurationIsVisible = 0;
			defaultConfigurationName = Release;
		};
/* End XCConfigurationList section */
	};
	rootObject = 222896F418BE88B900EEB36A /* Project object */;
}
